// !$*UTF8*$!
{
	archiveVersion = 1;
	classes = {
	};
	objectVersion = 46;
	objects = {

/* Begin PBXBuildFile section */
		62092B0815CE89C300B25CF0 /* UIKit.framework in Frameworks */ = {isa = PBXBuildFile; fileRef = 62092B0715CE89C300B25CF0 /* UIKit.framework */; };
		62092B0A15CE89C300B25CF0 /* Foundation.framework in Frameworks */ = {isa = PBXBuildFile; fileRef = 62092B0915CE89C300B25CF0 /* Foundation.framework */; };
		62092B0C15CE89C300B25CF0 /* CoreGraphics.framework in Frameworks */ = {isa = PBXBuildFile; fileRef = 62092B0B15CE89C300B25CF0 /* CoreGraphics.framework */; };
		62092B1215CE89C300B25CF0 /* InfoPlist.strings in Resources */ = {isa = PBXBuildFile; fileRef = 62092B1015CE89C300B25CF0 /* InfoPlist.strings */; };
		62092B1415CE89C300B25CF0 /* main.m in Sources */ = {isa = PBXBuildFile; fileRef = 62092B1315CE89C300B25CF0 /* main.m */; };
		62092B1815CE89C300B25CF0 /* AppDelegate.m in Sources */ = {isa = PBXBuildFile; fileRef = 62092B1715CE89C300B25CF0 /* AppDelegate.m */; };
		62092B1B15CE89C300B25CF0 /* MainStoryboard.storyboard in Resources */ = {isa = PBXBuildFile; fileRef = 62092B1915CE89C300B25CF0 /* MainStoryboard.storyboard */; };
		62092B1E15CE89C300B25CF0 /* ViewController.m in Sources */ = {isa = PBXBuildFile; fileRef = 62092B1D15CE89C300B25CF0 /* ViewController.m */; };
		62092B2515CE8AEA00B25CF0 /* example_1.json in Resources */ = {isa = PBXBuildFile; fileRef = 62092B2415CE8AEA00B25CF0 /* example_1.json */; };
		62092B2715CE8DFA00B25CF0 /* example_2.json in Resources */ = {isa = PBXBuildFile; fileRef = 62092B2615CE8DFA00B25CF0 /* example_2.json */; };
		62092B2915CE8F6E00B25CF0 /* example_3.json in Resources */ = {isa = PBXBuildFile; fileRef = 62092B2815CE8F6E00B25CF0 /* example_3.json */; };
		62092B9315CEDCAD00B25CF0 /* example_4.json in Resources */ = {isa = PBXBuildFile; fileRef = 62092B9215CEDCAD00B25CF0 /* example_4.json */; };
/* End PBXBuildFile section */

/* Begin PBXFileReference section */
		62092B0315CE89C300B25CF0 /* SimpleJSON.app */ = {isa = PBXFileReference; explicitFileType = wrapper.application; includeInIndex = 0; path = SimpleJSON.app; sourceTree = BUILT_PRODUCTS_DIR; };
		62092B0715CE89C300B25CF0 /* UIKit.framework */ = {isa = PBXFileReference; lastKnownFileType = wrapper.framework; name = UIKit.framework; path = System/Library/Frameworks/UIKit.framework; sourceTree = SDKROOT; };
		62092B0915CE89C300B25CF0 /* Foundation.framework */ = {isa = PBXFileReference; lastKnownFileType = wrapper.framework; name = Foundation.framework; path = System/Library/Frameworks/Foundation.framework; sourceTree = SDKROOT; };
		62092B0B15CE89C300B25CF0 /* CoreGraphics.framework */ = {isa = PBXFileReference; lastKnownFileType = wrapper.framework; name = CoreGraphics.framework; path = System/Library/Frameworks/CoreGraphics.framework; sourceTree = SDKROOT; };
		62092B0F15CE89C300B25CF0 /* SimpleJSON-Info.plist */ = {isa = PBXFileReference; lastKnownFileType = text.plist.xml; path = "SimpleJSON-Info.plist"; sourceTree = "<group>"; };
		62092B1115CE89C300B25CF0 /* en */ = {isa = PBXFileReference; lastKnownFileType = text.plist.strings; name = en; path = en.lproj/InfoPlist.strings; sourceTree = "<group>"; };
		62092B1315CE89C300B25CF0 /* main.m */ = {isa = PBXFileReference; lastKnownFileType = sourcecode.c.objc; path = main.m; sourceTree = "<group>"; };
		62092B1515CE89C300B25CF0 /* SimpleJSON-Prefix.pch */ = {isa = PBXFileReference; lastKnownFileType = sourcecode.c.h; path = "SimpleJSON-Prefix.pch"; sourceTree = "<group>"; };
		62092B1615CE89C300B25CF0 /* AppDelegate.h */ = {isa = PBXFileReference; lastKnownFileType = sourcecode.c.h; path = AppDelegate.h; sourceTree = "<group>"; };
		62092B1715CE89C300B25CF0 /* AppDelegate.m */ = {isa = PBXFileReference; lastKnownFileType = sourcecode.c.objc; path = AppDelegate.m; sourceTree = "<group>"; };
		62092B1A15CE89C300B25CF0 /* en */ = {isa = PBXFileReference; lastKnownFileType = file.storyboard; name = en; path = en.lproj/MainStoryboard.storyboard; sourceTree = "<group>"; };
		62092B1C15CE89C300B25CF0 /* ViewController.h */ = {isa = PBXFileReference; lastKnownFileType = sourcecode.c.h; path = ViewController.h; sourceTree = "<group>"; };
		62092B1D15CE89C300B25CF0 /* ViewController.m */ = {isa = PBXFileReference; lastKnownFileType = sourcecode.c.objc; path = ViewController.m; sourceTree = "<group>"; };
		62092B2415CE8AEA00B25CF0 /* example_1.json */ = {isa = PBXFileReference; fileEncoding = 4; lastKnownFileType = text.json; path = example_1.json; sourceTree = "<group>"; };
		62092B2615CE8DFA00B25CF0 /* example_2.json */ = {isa = PBXFileReference; fileEncoding = 4; lastKnownFileType = text.json; path = example_2.json; sourceTree = "<group>"; };
		62092B2815CE8F6E00B25CF0 /* example_3.json */ = {isa = PBXFileReference; fileEncoding = 4; lastKnownFileType = text.json; path = example_3.json; sourceTree = "<group>"; };
		62092B9215CEDCAD00B25CF0 /* example_4.json */ = {isa = PBXFileReference; fileEncoding = 4; lastKnownFileType = text.json; path = example_4.json; sourceTree = "<group>"; };
/* End PBXFileReference section */

/* Begin PBXFrameworksBuildPhase section */
		62092B0015CE89C300B25CF0 /* Frameworks */ = {
			isa = PBXFrameworksBuildPhase;
			buildActionMask = 2147483647;
			files = (
				62092B0815CE89C300B25CF0 /* UIKit.framework in Frameworks */,
				62092B0A15CE89C300B25CF0 /* Foundation.framework in Frameworks */,
				62092B0C15CE89C300B25CF0 /* CoreGraphics.framework in Frameworks */,
			);
			runOnlyForDeploymentPostprocessing = 0;
		};
/* End PBXFrameworksBuildPhase section */

/* Begin PBXGroup section */
		62092AF815CE89C300B25CF0 = {
			isa = PBXGroup;
			children = (
				62092B0D15CE89C300B25CF0 /* SimpleJSON */,
				62092B0615CE89C300B25CF0 /* Frameworks */,
				62092B0415CE89C300B25CF0 /* Products */,
			);
			sourceTree = "<group>";
		};
		62092B0415CE89C300B25CF0 /* Products */ = {
			isa = PBXGroup;
			children = (
				62092B0315CE89C300B25CF0 /* SimpleJSON.app */,
			);
			name = Products;
			sourceTree = "<group>";
		};
		62092B0615CE89C300B25CF0 /* Frameworks */ = {
			isa = PBXGroup;
			children = (
				62092B0715CE89C300B25CF0 /* UIKit.framework */,
				62092B0915CE89C300B25CF0 /* Foundation.framework */,
				62092B0B15CE89C300B25CF0 /* CoreGraphics.framework */,
			);
			name = Frameworks;
			sourceTree = "<group>";
		};
		62092B0D15CE89C300B25CF0 /* SimpleJSON */ = {
			isa = PBXGroup;
			children = (
				62092B1615CE89C300B25CF0 /* AppDelegate.h */,
				62092B1715CE89C300B25CF0 /* AppDelegate.m */,
				62092B1915CE89C300B25CF0 /* MainStoryboard.storyboard */,
				62092B1C15CE89C300B25CF0 /* ViewController.h */,
				62092B1D15CE89C300B25CF0 /* ViewController.m */,
				62092B0E15CE89C300B25CF0 /* Supporting Files */,
				62092B2415CE8AEA00B25CF0 /* example_1.json */,
				62092B2615CE8DFA00B25CF0 /* example_2.json */,
				62092B2815CE8F6E00B25CF0 /* example_3.json */,
				62092B9215CEDCAD00B25CF0 /* example_4.json */,
			);
			path = SimpleJSON;
			sourceTree = "<group>";
		};
		62092B0E15CE89C300B25CF0 /* Supporting Files */ = {
			isa = PBXGroup;
			children = (
				62092B0F15CE89C300B25CF0 /* SimpleJSON-Info.plist */,
				62092B1015CE89C300B25CF0 /* InfoPlist.strings */,
				62092B1315CE89C300B25CF0 /* main.m */,
				62092B1515CE89C300B25CF0 /* SimpleJSON-Prefix.pch */,
			);
			name = "Supporting Files";
			sourceTree = "<group>";
		};
/* End PBXGroup section */

/* Begin PBXNativeTarget section */
		62092B0215CE89C300B25CF0 /* SimpleJSON */ = {
			isa = PBXNativeTarget;
			buildConfigurationList = 62092B2115CE89C300B25CF0 /* Build configuration list for PBXNativeTarget "SimpleJSON" */;
			buildPhases = (
				62092AFF15CE89C300B25CF0 /* Sources */,
				62092B0015CE89C300B25CF0 /* Frameworks */,
				62092B0115CE89C300B25CF0 /* Resources */,
			);
			buildRules = (
			);
			dependencies = (
			);
			name = SimpleJSON;
			productName = SimpleJSON;
			productReference = 62092B0315CE89C300B25CF0 /* SimpleJSON.app */;
			productType = "com.apple.product-type.application";
		};
/* End PBXNativeTarget section */

/* Begin PBXProject section */
		62092AFA15CE89C300B25CF0 /* Project object */ = {
			isa = PBXProject;
			attributes = {
				LastUpgradeCheck = 0430;
				ORGANIZATIONNAME = Gutpela;
			};
			buildConfigurationList = 62092AFD15CE89C300B25CF0 /* Build configuration list for PBXProject "SimpleJSON" */;
			compatibilityVersion = "Xcode 3.2";
			developmentRegion = English;
			hasScannedForEncodings = 0;
			knownRegions = (
				en,
			);
			mainGroup = 62092AF815CE89C300B25CF0;
			productRefGroup = 62092B0415CE89C300B25CF0 /* Products */;
			projectDirPath = "";
			projectRoot = "";
			targets = (
				62092B0215CE89C300B25CF0 /* SimpleJSON */,
			);
		};
/* End PBXProject section */

/* Begin PBXResourcesBuildPhase section */
		62092B0115CE89C300B25CF0 /* Resources */ = {
			isa = PBXResourcesBuildPhase;
			buildActionMask = 2147483647;
			files = (
				62092B1215CE89C300B25CF0 /* InfoPlist.strings in Resources */,
				62092B1B15CE89C300B25CF0 /* MainStoryboard.storyboard in Resources */,
				62092B2515CE8AEA00B25CF0 /* example_1.json in Resources */,
				62092B2715CE8DFA00B25CF0 /* example_2.json in Resources */,
				62092B2915CE8F6E00B25CF0 /* example_3.json in Resources */,
				62092B9315CEDCAD00B25CF0 /* example_4.json in Resources */,
			);
			runOnlyForDeploymentPostprocessing = 0;
		};
/* End PBXResourcesBuildPhase section */

/* Begin PBXSourcesBuildPhase section */
		62092AFF15CE89C300B25CF0 /* Sources */ = {
			isa = PBXSourcesBuildPhase;
			buildActionMask = 2147483647;
			files = (
				62092B1415CE89C300B25CF0 /* main.m in Sources */,
				62092B1815CE89C300B25CF0 /* AppDelegate.m in Sources */,
				62092B1E15CE89C300B25CF0 /* ViewController.m in Sources */,
			);
			runOnlyForDeploymentPostprocessing = 0;
		};
/* End PBXSourcesBuildPhase section */

/* Begin PBXVariantGroup section */
		62092B1015CE89C300B25CF0 /* InfoPlist.strings */ = {
			isa = PBXVariantGroup;
			children = (
				62092B1115CE89C300B25CF0 /* en */,
			);
			name = InfoPlist.strings;
			sourceTree = "<group>";
		};
		62092B1915CE89C300B25CF0 /* MainStoryboard.storyboard */ = {
			isa = PBXVariantGroup;
			children = (
				62092B1A15CE89C300B25CF0 /* en */,
			);
			name = MainStoryboard.storyboard;
			sourceTree = "<group>";
		};
/* End PBXVariantGroup section */

/* Begin XCBuildConfiguration section */
		62092B1F15CE89C300B25CF0 /* Debug */ = {
			isa = XCBuildConfiguration;
			buildSettings = {
				ALWAYS_SEARCH_USER_PATHS = NO;
				ARCHS = "$(ARCHS_STANDARD_32_BIT)";
				CLANG_ENABLE_OBJC_ARC = YES;
				"CODE_SIGN_IDENTITY[sdk=iphoneos*]" = "iPhone Developer";
				COPY_PHASE_STRIP = NO;
				GCC_C_LANGUAGE_STANDARD = gnu99;
				GCC_DYNAMIC_NO_PIC = NO;
				GCC_OPTIMIZATION_LEVEL = 0;
				GCC_PREPROCESSOR_DEFINITIONS = (
					"DEBUG=1",
					"$(inherited)",
				);
				GCC_SYMBOLS_PRIVATE_EXTERN = NO;
				GCC_VERSION = com.apple.compilers.llvm.clang.1_0;
				GCC_WARN_ABOUT_RETURN_TYPE = YES;
				GCC_WARN_UNINITIALIZED_AUTOS = YES;
				GCC_WARN_UNUSED_VARIABLE = YES;
				IPHONEOS_DEPLOYMENT_TARGET = 5.1;
				SDKROOT = iphoneos;
			};
			name = Debug;
		};
		62092B2015CE89C300B25CF0 /* Release */ = {
			isa = XCBuildConfiguration;
			buildSettings = {
				ALWAYS_SEARCH_USER_PATHS = NO;
				ARCHS = "$(ARCHS_STANDARD_32_BIT)";
				CLANG_ENABLE_OBJC_ARC = YES;
				"CODE_SIGN_IDENTITY[sdk=iphoneos*]" = "iPhone Developer";
				COPY_PHASE_STRIP = YES;
				GCC_C_LANGUAGE_STANDARD = gnu99;
				GCC_VERSION = com.apple.compilers.llvm.clang.1_0;
				GCC_WARN_ABOUT_RETURN_TYPE = YES;
				GCC_WARN_UNINITIALIZED_AUTOS = YES;
				GCC_WARN_UNUSED_VARIABLE = YES;
				IPHONEOS_DEPLOYMENT_TARGET = 5.1;
				OTHER_CFLAGS = "-DNS_BLOCK_ASSERTIONS=1";
				SDKROOT = iphoneos;
				VALIDATE_PRODUCT = YES;
			};
			name = Release;
		};
		62092B2215CE89C300B25CF0 /* Debug */ = {
			isa = XCBuildConfiguration;
			buildSettings = {
				GCC_PRECOMPILE_PREFIX_HEADER = YES;
				GCC_PREFIX_HEADER = "SimpleJSON/SimpleJSON-Prefix.pch";
				INFOPLIST_FILE = "SimpleJSON/SimpleJSON-Info.plist";
				PRODUCT_NAME = "$(TARGET_NAME)";
				WRAPPER_EXTENSION = app;
			};
			name = Debug;
		};
		62092B2315CE89C300B25CF0 /* Release */ = {
			isa = XCBuildConfiguration;
			buildSettings = {
				GCC_PRECOMPILE_PREFIX_HEADER = YES;
				GCC_PREFIX_HEADER = "SimpleJSON/SimpleJSON-Prefix.pch";
				INFOPLIST_FILE = "SimpleJSON/SimpleJSON-Info.plist";
				PRODUCT_NAME = "$(TARGET_NAME)";
				WRAPPER_EXTENSION = app;
			};
			name = Release;
		};
/* End XCBuildConfiguration section */

/* Begin XCConfigurationList section */
		62092AFD15CE89C300B25CF0 /* Build configuration list for PBXProject "SimpleJSON" */ = {
			isa = XCConfigurationList;
			buildConfigurations = (
				62092B1F15CE89C300B25CF0 /* Debug */,
				62092B2015CE89C300B25CF0 /* Release */,
			);
			defaultConfigurationIsVisible = 0;
			defaultConfigurationName = Release;
		};
		62092B2115CE89C300B25CF0 /* Build configuration list for PBXNativeTarget "SimpleJSON" */ = {
			isa = XCConfigurationList;
			buildConfigurations = (
				62092B2215CE89C300B25CF0 /* Debug */,
				62092B2315CE89C300B25CF0 /* Release */,
			);
			defaultConfigurationIsVisible = 0;
			defaultConfigurationName = Release;
		};
/* End XCConfigurationList section */
	};
	rootObject = 62092AFA15CE89C300B25CF0 /* Project object */;
}
