// !$*UTF8*$!
{
	archiveVersion = 1;
	classes = {
	};
	objectVersion = 46;
	objects = {

/* Begin PBXBuildFile section */
		62092AD815CE815E00B25CF0 /* UIKit.framework in Frameworks */ = {isa = PBXBuildFile; fileRef = 62092AD715CE815E00B25CF0 /* UIKit.framework */; };
		62092ADA15CE815E00B25CF0 /* Foundation.framework in Frameworks */ = {isa = PBXBuildFile; fileRef = 62092AD915CE815E00B25CF0 /* Foundation.framework */; };
		62092ADC15CE815E00B25CF0 /* CoreGraphics.framework in Frameworks */ = {isa = PBXBuildFile; fileRef = 62092ADB15CE815E00B25CF0 /* CoreGraphics.framework */; };
		62092AE215CE815E00B25CF0 /* InfoPlist.strings in Resources */ = {isa = PBXBuildFile; fileRef = 62092AE015CE815E00B25CF0 /* InfoPlist.strings */; };
		62092AE415CE815E00B25CF0 /* main.m in Sources */ = {isa = PBXBuildFile; fileRef = 62092AE315CE815E00B25CF0 /* main.m */; };
		62092AE815CE815E00B25CF0 /* AppDelegate.m in Sources */ = {isa = PBXBuildFile; fileRef = 62092AE715CE815E00B25CF0 /* AppDelegate.m */; };
		62092AEB15CE815E00B25CF0 /* MainStoryboard.storyboard in Resources */ = {isa = PBXBuildFile; fileRef = 62092AE915CE815E00B25CF0 /* MainStoryboard.storyboard */; };
		62092AEE15CE815E00B25CF0 /* ViewController.m in Sources */ = {isa = PBXBuildFile; fileRef = 62092AED15CE815E00B25CF0 /* ViewController.m */; };
/* End PBXBuildFile section */

/* Begin PBXFileReference section */
		62092AD315CE815E00B25CF0 /* JSONDEMO.app */ = {isa = PBXFileReference; explicitFileType = wrapper.application; includeInIndex = 0; path = JSONDEMO.app; sourceTree = BUILT_PRODUCTS_DIR; };
		62092AD715CE815E00B25CF0 /* UIKit.framework */ = {isa = PBXFileReference; lastKnownFileType = wrapper.framework; name = UIKit.framework; path = System/Library/Frameworks/UIKit.framework; sourceTree = SDKROOT; };
		62092AD915CE815E00B25CF0 /* Foundation.framework */ = {isa = PBXFileReference; lastKnownFileType = wrapper.framework; name = Foundation.framework; path = System/Library/Frameworks/Foundation.framework; sourceTree = SDKROOT; };
		62092ADB15CE815E00B25CF0 /* CoreGraphics.framework */ = {isa = PBXFileReference; lastKnownFileType = wrapper.framework; name = CoreGraphics.framework; path = System/Library/Frameworks/CoreGraphics.framework; sourceTree = SDKROOT; };
		62092ADF15CE815E00B25CF0 /* JSONDEMO-Info.plist */ = {isa = PBXFileReference; lastKnownFileType = text.plist.xml; path = "JSONDEMO-Info.plist"; sourceTree = "<group>"; };
		62092AE115CE815E00B25CF0 /* en */ = {isa = PBXFileReference; lastKnownFileType = text.plist.strings; name = en; path = en.lproj/InfoPlist.strings; sourceTree = "<group>"; };
		62092AE315CE815E00B25CF0 /* main.m */ = {isa = PBXFileReference; lastKnownFileType = sourcecode.c.objc; path = main.m; sourceTree = "<group>"; };
		62092AE515CE815E00B25CF0 /* JSONDEMO-Prefix.pch */ = {isa = PBXFileReference; lastKnownFileType = sourcecode.c.h; path = "JSONDEMO-Prefix.pch"; sourceTree = "<group>"; };
		62092AE615CE815E00B25CF0 /* AppDelegate.h */ = {isa = PBXFileReference; lastKnownFileType = sourcecode.c.h; path = AppDelegate.h; sourceTree = "<group>"; };
		62092AE715CE815E00B25CF0 /* AppDelegate.m */ = {isa = PBXFileReference; lastKnownFileType = sourcecode.c.objc; path = AppDelegate.m; sourceTree = "<group>"; };
		62092AEA15CE815E00B25CF0 /* en */ = {isa = PBXFileReference; lastKnownFileType = file.storyboard; name = en; path = en.lproj/MainStoryboard.storyboard; sourceTree = "<group>"; };
		62092AEC15CE815E00B25CF0 /* ViewController.h */ = {isa = PBXFileReference; lastKnownFileType = sourcecode.c.h; path = ViewController.h; sourceTree = "<group>"; };
		62092AED15CE815E00B25CF0 /* ViewController.m */ = {isa = PBXFileReference; lastKnownFileType = sourcecode.c.objc; path = ViewController.m; sourceTree = "<group>"; };
/* End PBXFileReference section */

/* Begin PBXFrameworksBuildPhase section */
		62092AD015CE815E00B25CF0 /* Frameworks */ = {
			isa = PBXFrameworksBuildPhase;
			buildActionMask = 2147483647;
			files = (
				62092AD815CE815E00B25CF0 /* UIKit.framework in Frameworks */,
				62092ADA15CE815E00B25CF0 /* Foundation.framework in Frameworks */,
				62092ADC15CE815E00B25CF0 /* CoreGraphics.framework in Frameworks */,
			);
			runOnlyForDeploymentPostprocessing = 0;
		};
/* End PBXFrameworksBuildPhase section */

/* Begin PBXGroup section */
		62092AC815CE815E00B25CF0 = {
			isa = PBXGroup;
			children = (
				62092ADD15CE815E00B25CF0 /* JSONDEMO */,
				62092AD615CE815E00B25CF0 /* Frameworks */,
				62092AD415CE815E00B25CF0 /* Products */,
			);
			sourceTree = "<group>";
		};
		62092AD415CE815E00B25CF0 /* Products */ = {
			isa = PBXGroup;
			children = (
				62092AD315CE815E00B25CF0 /* JSONDEMO.app */,
			);
			name = Products;
			sourceTree = "<group>";
		};
		62092AD615CE815E00B25CF0 /* Frameworks */ = {
			isa = PBXGroup;
			children = (
				62092AD715CE815E00B25CF0 /* UIKit.framework */,
				62092AD915CE815E00B25CF0 /* Foundation.framework */,
				62092ADB15CE815E00B25CF0 /* CoreGraphics.framework */,
			);
			name = Frameworks;
			sourceTree = "<group>";
		};
		62092ADD15CE815E00B25CF0 /* JSONDEMO */ = {
			isa = PBXGroup;
			children = (
				62092AE615CE815E00B25CF0 /* AppDelegate.h */,
				62092AE715CE815E00B25CF0 /* AppDelegate.m */,
				62092AE915CE815E00B25CF0 /* MainStoryboard.storyboard */,
				62092AEC15CE815E00B25CF0 /* ViewController.h */,
				62092AED15CE815E00B25CF0 /* ViewController.m */,
				62092ADE15CE815E00B25CF0 /* Supporting Files */,
			);
			path = JSONDEMO;
			sourceTree = "<group>";
		};
		62092ADE15CE815E00B25CF0 /* Supporting Files */ = {
			isa = PBXGroup;
			children = (
				62092ADF15CE815E00B25CF0 /* JSONDEMO-Info.plist */,
				62092AE015CE815E00B25CF0 /* InfoPlist.strings */,
				62092AE315CE815E00B25CF0 /* main.m */,
				62092AE515CE815E00B25CF0 /* JSONDEMO-Prefix.pch */,
			);
			name = "Supporting Files";
			sourceTree = "<group>";
		};
/* End PBXGroup section */

/* Begin PBXNativeTarget section */
		62092AD215CE815E00B25CF0 /* JSONDEMO */ = {
			isa = PBXNativeTarget;
			buildConfigurationList = 62092AF115CE815E00B25CF0 /* Build configuration list for PBXNativeTarget "JSONDEMO" */;
			buildPhases = (
				62092ACF15CE815E00B25CF0 /* Sources */,
				62092AD015CE815E00B25CF0 /* Frameworks */,
				62092AD115CE815E00B25CF0 /* Resources */,
			);
			buildRules = (
			);
			dependencies = (
			);
			name = JSONDEMO;
			productName = JSONDEMO;
			productReference = 62092AD315CE815E00B25CF0 /* JSONDEMO.app */;
			productType = "com.apple.product-type.application";
		};
/* End PBXNativeTarget section */

/* Begin PBXProject section */
		62092ACA15CE815E00B25CF0 /* Project object */ = {
			isa = PBXProject;
			attributes = {
				LastUpgradeCheck = 0430;
				ORGANIZATIONNAME = Gutpela;
			};
			buildConfigurationList = 62092ACD15CE815E00B25CF0 /* Build configuration list for PBXProject "JSONDEMO" */;
			compatibilityVersion = "Xcode 3.2";
			developmentRegion = English;
			hasScannedForEncodings = 0;
			knownRegions = (
				en,
			);
			mainGroup = 62092AC815CE815E00B25CF0;
			productRefGroup = 62092AD415CE815E00B25CF0 /* Products */;
			projectDirPath = "";
			projectRoot = "";
			targets = (
				62092AD215CE815E00B25CF0 /* JSONDEMO */,
			);
		};
/* End PBXProject section */

/* Begin PBXResourcesBuildPhase section */
		62092AD115CE815E00B25CF0 /* Resources */ = {
			isa = PBXResourcesBuildPhase;
			buildActionMask = 2147483647;
			files = (
				62092AE215CE815E00B25CF0 /* InfoPlist.strings in Resources */,
				62092AEB15CE815E00B25CF0 /* MainStoryboard.storyboard in Resources */,
			);
			runOnlyForDeploymentPostprocessing = 0;
		};
/* End PBXResourcesBuildPhase section */

/* Begin PBXSourcesBuildPhase section */
		62092ACF15CE815E00B25CF0 /* Sources */ = {
			isa = PBXSourcesBuildPhase;
			buildActionMask = 2147483647;
			files = (
				62092AE415CE815E00B25CF0 /* main.m in Sources */,
				62092AE815CE815E00B25CF0 /* AppDelegate.m in Sources */,
				62092AEE15CE815E00B25CF0 /* ViewController.m in Sources */,
			);
			runOnlyForDeploymentPostprocessing = 0;
		};
/* End PBXSourcesBuildPhase section */

/* Begin PBXVariantGroup section */
		62092AE015CE815E00B25CF0 /* InfoPlist.strings */ = {
			isa = PBXVariantGroup;
			children = (
				62092AE115CE815E00B25CF0 /* en */,
			);
			name = InfoPlist.strings;
			sourceTree = "<group>";
		};
		62092AE915CE815E00B25CF0 /* MainStoryboard.storyboard */ = {
			isa = PBXVariantGroup;
			children = (
				62092AEA15CE815E00B25CF0 /* en */,
			);
			name = MainStoryboard.storyboard;
			sourceTree = "<group>";
		};
/* End PBXVariantGroup section */

/* Begin XCBuildConfiguration section */
		62092AEF15CE815E00B25CF0 /* Debug */ = {
			isa = XCBuildConfiguration;
			buildSettings = {
				ALWAYS_SEARCH_USER_PATHS = NO;
				ARCHS = "$(ARCHS_STANDARD_32_BIT)";
				CLANG_ENABLE_OBJC_ARC = YES;
				"CODE_SIGN_IDENTITY[sdk=iphoneos*]" = "iPhone Developer";
				COPY_PHASE_STRIP = NO;
				GCC_C_LANGUAGE_STANDARD = gnu99;
				GCC_DYNAMIC_NO_PIC = NO;
				GCC_OPTIMIZATION_LEVEL = 0;
				GCC_PREPROCESSOR_DEFINITIONS = (
					"DEBUG=1",
					"$(inherited)",
				);
				GCC_SYMBOLS_PRIVATE_EXTERN = NO;
				GCC_VERSION = com.apple.compilers.llvm.clang.1_0;
				GCC_WARN_ABOUT_RETURN_TYPE = YES;
				GCC_WARN_UNINITIALIZED_AUTOS = YES;
				GCC_WARN_UNUSED_VARIABLE = YES;
				IPHONEOS_DEPLOYMENT_TARGET = 5.1;
				SDKROOT = iphoneos;
			};
			name = Debug;
		};
		62092AF015CE815E00B25CF0 /* Release */ = {
			isa = XCBuildConfiguration;
			buildSettings = {
				ALWAYS_SEARCH_USER_PATHS = NO;
				ARCHS = "$(ARCHS_STANDARD_32_BIT)";
				CLANG_ENABLE_OBJC_ARC = YES;
				"CODE_SIGN_IDENTITY[sdk=iphoneos*]" = "iPhone Developer";
				COPY_PHASE_STRIP = YES;
				GCC_C_LANGUAGE_STANDARD = gnu99;
				GCC_VERSION = com.apple.compilers.llvm.clang.1_0;
				GCC_WARN_ABOUT_RETURN_TYPE = YES;
				GCC_WARN_UNINITIALIZED_AUTOS = YES;
				GCC_WARN_UNUSED_VARIABLE = YES;
				IPHONEOS_DEPLOYMENT_TARGET = 5.1;
				OTHER_CFLAGS = "-DNS_BLOCK_ASSERTIONS=1";
				SDKROOT = iphoneos;
				VALIDATE_PRODUCT = YES;
			};
			name = Release;
		};
		62092AF215CE815E00B25CF0 /* Debug */ = {
			isa = XCBuildConfiguration;
			buildSettings = {
				GCC_PRECOMPILE_PREFIX_HEADER = YES;
				GCC_PREFIX_HEADER = "JSONDEMO/JSONDEMO-Prefix.pch";
				INFOPLIST_FILE = "JSONDEMO/JSONDEMO-Info.plist";
				PRODUCT_NAME = "$(TARGET_NAME)";
				WRAPPER_EXTENSION = app;
			};
			name = Debug;
		};
		62092AF315CE815E00B25CF0 /* Release */ = {
			isa = XCBuildConfiguration;
			buildSettings = {
				GCC_PRECOMPILE_PREFIX_HEADER = YES;
				GCC_PREFIX_HEADER = "JSONDEMO/JSONDEMO-Prefix.pch";
				INFOPLIST_FILE = "JSONDEMO/JSONDEMO-Info.plist";
				PRODUCT_NAME = "$(TARGET_NAME)";
				WRAPPER_EXTENSION = app;
			};
			name = Release;
		};
/* End XCBuildConfiguration section */

/* Begin XCConfigurationList section */
		62092ACD15CE815E00B25CF0 /* Build configuration list for PBXProject "JSONDEMO" */ = {
			isa = XCConfigurationList;
			buildConfigurations = (
				62092AEF15CE815E00B25CF0 /* Debug */,
				62092AF015CE815E00B25CF0 /* Release */,
			);
			defaultConfigurationIsVisible = 0;
			defaultConfigurationName = Release;
		};
		62092AF115CE815E00B25CF0 /* Build configuration list for PBXNativeTarget "JSONDEMO" */ = {
			isa = XCConfigurationList;
			buildConfigurations = (
				62092AF215CE815E00B25CF0 /* Debug */,
				62092AF315CE815E00B25CF0 /* Release */,
			);
			defaultConfigurationIsVisible = 0;
		};
/* End XCConfigurationList section */
	};
	rootObject = 62092ACA15CE815E00B25CF0 /* Project object */;
}
