// !$*UTF8*$!
{
	archiveVersion = 1;
	classes = {
	};
	objectVersion = 46;
	objects = {

/* Begin PBXBuildFile section */
		621BF200159FB1900028DD3E /* UIKit.framework in Frameworks */ = {isa = PBXBuildFile; fileRef = 621BF1FF159FB1900028DD3E /* UIKit.framework */; };
		621BF202159FB1900028DD3E /* Foundation.framework in Frameworks */ = {isa = PBXBuildFile; fileRef = 621BF201159FB1900028DD3E /* Foundation.framework */; };
		621BF204159FB1900028DD3E /* CoreGraphics.framework in Frameworks */ = {isa = PBXBuildFile; fileRef = 621BF203159FB1900028DD3E /* CoreGraphics.framework */; };
		621BF20A159FB1900028DD3E /* InfoPlist.strings in Resources */ = {isa = PBXBuildFile; fileRef = 621BF208159FB1900028DD3E /* InfoPlist.strings */; };
		621BF20C159FB1900028DD3E /* main.m in Sources */ = {isa = PBXBuildFile; fileRef = 621BF20B159FB1900028DD3E /* main.m */; };
		621BF210159FB1900028DD3E /* AppDelegate.m in Sources */ = {isa = PBXBuildFile; fileRef = 621BF20F159FB1900028DD3E /* AppDelegate.m */; };
		621BF213159FB1900028DD3E /* MainStoryboard.storyboard in Resources */ = {isa = PBXBuildFile; fileRef = 621BF211159FB1900028DD3E /* MainStoryboard.storyboard */; };
		621BF216159FB1900028DD3E /* ViewController.m in Sources */ = {isa = PBXBuildFile; fileRef = 621BF215159FB1900028DD3E /* ViewController.m */; };
		621BF21E159FB1B70028DD3E /* Boxy.m in Sources */ = {isa = PBXBuildFile; fileRef = 621BF21D159FB1B70028DD3E /* Boxy.m */; };
		621BF228159FC83F0028DD3E /* star.png in Resources */ = {isa = PBXBuildFile; fileRef = 621BF227159FC83F0028DD3E /* star.png */; };
		621BF236159FCFB50028DD3E /* QuartzCore.framework in Frameworks */ = {isa = PBXBuildFile; fileRef = 621BF235159FCFB50028DD3E /* QuartzCore.framework */; };
/* End PBXBuildFile section */

/* Begin PBXFileReference section */
		621BF1FB159FB1900028DD3E /* ChangeNSTimerFireRate.app */ = {isa = PBXFileReference; explicitFileType = wrapper.application; includeInIndex = 0; path = ChangeNSTimerFireRate.app; sourceTree = BUILT_PRODUCTS_DIR; };
		621BF1FF159FB1900028DD3E /* UIKit.framework */ = {isa = PBXFileReference; lastKnownFileType = wrapper.framework; name = UIKit.framework; path = System/Library/Frameworks/UIKit.framework; sourceTree = SDKROOT; };
		621BF201159FB1900028DD3E /* Foundation.framework */ = {isa = PBXFileReference; lastKnownFileType = wrapper.framework; name = Foundation.framework; path = System/Library/Frameworks/Foundation.framework; sourceTree = SDKROOT; };
		621BF203159FB1900028DD3E /* CoreGraphics.framework */ = {isa = PBXFileReference; lastKnownFileType = wrapper.framework; name = CoreGraphics.framework; path = System/Library/Frameworks/CoreGraphics.framework; sourceTree = SDKROOT; };
		621BF207159FB1900028DD3E /* ChangeNSTimerFireRate-Info.plist */ = {isa = PBXFileReference; lastKnownFileType = text.plist.xml; path = "ChangeNSTimerFireRate-Info.plist"; sourceTree = "<group>"; };
		621BF209159FB1900028DD3E /* en */ = {isa = PBXFileReference; lastKnownFileType = text.plist.strings; name = en; path = en.lproj/InfoPlist.strings; sourceTree = "<group>"; };
		621BF20B159FB1900028DD3E /* main.m */ = {isa = PBXFileReference; lastKnownFileType = sourcecode.c.objc; path = main.m; sourceTree = "<group>"; };
		621BF20D159FB1900028DD3E /* ChangeNSTimerFireRate-Prefix.pch */ = {isa = PBXFileReference; lastKnownFileType = sourcecode.c.h; path = "ChangeNSTimerFireRate-Prefix.pch"; sourceTree = "<group>"; };
		621BF20E159FB1900028DD3E /* AppDelegate.h */ = {isa = PBXFileReference; lastKnownFileType = sourcecode.c.h; path = AppDelegate.h; sourceTree = "<group>"; };
		621BF20F159FB1900028DD3E /* AppDelegate.m */ = {isa = PBXFileReference; lastKnownFileType = sourcecode.c.objc; path = AppDelegate.m; sourceTree = "<group>"; };
		621BF212159FB1900028DD3E /* en */ = {isa = PBXFileReference; lastKnownFileType = file.storyboard; name = en; path = en.lproj/MainStoryboard.storyboard; sourceTree = "<group>"; };
		621BF214159FB1900028DD3E /* ViewController.h */ = {isa = PBXFileReference; lastKnownFileType = sourcecode.c.h; path = ViewController.h; sourceTree = "<group>"; };
		621BF215159FB1900028DD3E /* ViewController.m */ = {isa = PBXFileReference; lastKnownFileType = sourcecode.c.objc; path = ViewController.m; sourceTree = "<group>"; };
		621BF21C159FB1B70028DD3E /* Boxy.h */ = {isa = PBXFileReference; fileEncoding = 4; lastKnownFileType = sourcecode.c.h; name = Boxy.h; path = ../Boxy.h; sourceTree = "<group>"; };
		621BF21D159FB1B70028DD3E /* Boxy.m */ = {isa = PBXFileReference; fileEncoding = 4; lastKnownFileType = sourcecode.c.objc; name = Boxy.m; path = ../Boxy.m; sourceTree = "<group>"; };
		621BF227159FC83F0028DD3E /* star.png */ = {isa = PBXFileReference; lastKnownFileType = image.png; path = star.png; sourceTree = "<group>"; };
		621BF235159FCFB50028DD3E /* QuartzCore.framework */ = {isa = PBXFileReference; lastKnownFileType = wrapper.framework; name = QuartzCore.framework; path = System/Library/Frameworks/QuartzCore.framework; sourceTree = SDKROOT; };
/* End PBXFileReference section */

/* Begin PBXFrameworksBuildPhase section */
		621BF1F8159FB1900028DD3E /* Frameworks */ = {
			isa = PBXFrameworksBuildPhase;
			buildActionMask = 2147483647;
			files = (
				621BF236159FCFB50028DD3E /* QuartzCore.framework in Frameworks */,
				621BF200159FB1900028DD3E /* UIKit.framework in Frameworks */,
				621BF202159FB1900028DD3E /* Foundation.framework in Frameworks */,
				621BF204159FB1900028DD3E /* CoreGraphics.framework in Frameworks */,
			);
			runOnlyForDeploymentPostprocessing = 0;
		};
/* End PBXFrameworksBuildPhase section */

/* Begin PBXGroup section */
		621BF1F0159FB1900028DD3E = {
			isa = PBXGroup;
			children = (
				621BF205159FB1900028DD3E /* ChangeNSTimerFireRate */,
				621BF1FE159FB1900028DD3E /* Frameworks */,
				621BF1FC159FB1900028DD3E /* Products */,
			);
			sourceTree = "<group>";
		};
		621BF1FC159FB1900028DD3E /* Products */ = {
			isa = PBXGroup;
			children = (
				621BF1FB159FB1900028DD3E /* ChangeNSTimerFireRate.app */,
			);
			name = Products;
			sourceTree = "<group>";
		};
		621BF1FE159FB1900028DD3E /* Frameworks */ = {
			isa = PBXGroup;
			children = (
				621BF235159FCFB50028DD3E /* QuartzCore.framework */,
				621BF1FF159FB1900028DD3E /* UIKit.framework */,
				621BF201159FB1900028DD3E /* Foundation.framework */,
				621BF203159FB1900028DD3E /* CoreGraphics.framework */,
			);
			name = Frameworks;
			sourceTree = "<group>";
		};
		621BF205159FB1900028DD3E /* ChangeNSTimerFireRate */ = {
			isa = PBXGroup;
			children = (
				621BF21C159FB1B70028DD3E /* Boxy.h */,
				621BF21D159FB1B70028DD3E /* Boxy.m */,
				621BF227159FC83F0028DD3E /* star.png */,
				621BF20E159FB1900028DD3E /* AppDelegate.h */,
				621BF20F159FB1900028DD3E /* AppDelegate.m */,
				621BF211159FB1900028DD3E /* MainStoryboard.storyboard */,
				621BF214159FB1900028DD3E /* ViewController.h */,
				621BF215159FB1900028DD3E /* ViewController.m */,
				621BF206159FB1900028DD3E /* Supporting Files */,
			);
			path = ChangeNSTimerFireRate;
			sourceTree = "<group>";
		};
		621BF206159FB1900028DD3E /* Supporting Files */ = {
			isa = PBXGroup;
			children = (
				621BF207159FB1900028DD3E /* ChangeNSTimerFireRate-Info.plist */,
				621BF208159FB1900028DD3E /* InfoPlist.strings */,
				621BF20B159FB1900028DD3E /* main.m */,
				621BF20D159FB1900028DD3E /* ChangeNSTimerFireRate-Prefix.pch */,
			);
			name = "Supporting Files";
			sourceTree = "<group>";
		};
/* End PBXGroup section */

/* Begin PBXNativeTarget section */
		621BF1FA159FB1900028DD3E /* ChangeNSTimerFireRate */ = {
			isa = PBXNativeTarget;
			buildConfigurationList = 621BF219159FB1900028DD3E /* Build configuration list for PBXNativeTarget "ChangeNSTimerFireRate" */;
			buildPhases = (
				621BF1F7159FB1900028DD3E /* Sources */,
				621BF1F8159FB1900028DD3E /* Frameworks */,
				621BF1F9159FB1900028DD3E /* Resources */,
			);
			buildRules = (
			);
			dependencies = (
			);
			name = ChangeNSTimerFireRate;
			productName = ChangeNSTimerFireRate;
			productReference = 621BF1FB159FB1900028DD3E /* ChangeNSTimerFireRate.app */;
			productType = "com.apple.product-type.application";
		};
/* End PBXNativeTarget section */

/* Begin PBXProject section */
		621BF1F2159FB1900028DD3E /* Project object */ = {
			isa = PBXProject;
			attributes = {
				LastUpgradeCheck = 0430;
				ORGANIZATIONNAME = Gutpela;
			};
			buildConfigurationList = 621BF1F5159FB1900028DD3E /* Build configuration list for PBXProject "ChangeNSTimerFireRate" */;
			compatibilityVersion = "Xcode 3.2";
			developmentRegion = English;
			hasScannedForEncodings = 0;
			knownRegions = (
				en,
			);
			mainGroup = 621BF1F0159FB1900028DD3E;
			productRefGroup = 621BF1FC159FB1900028DD3E /* Products */;
			projectDirPath = "";
			projectRoot = "";
			targets = (
				621BF1FA159FB1900028DD3E /* ChangeNSTimerFireRate */,
			);
		};
/* End PBXProject section */

/* Begin PBXResourcesBuildPhase section */
		621BF1F9159FB1900028DD3E /* Resources */ = {
			isa = PBXResourcesBuildPhase;
			buildActionMask = 2147483647;
			files = (
				621BF20A159FB1900028DD3E /* InfoPlist.strings in Resources */,
				621BF213159FB1900028DD3E /* MainStoryboard.storyboard in Resources */,
				621BF228159FC83F0028DD3E /* star.png in Resources */,
			);
			runOnlyForDeploymentPostprocessing = 0;
		};
/* End PBXResourcesBuildPhase section */

/* Begin PBXSourcesBuildPhase section */
		621BF1F7159FB1900028DD3E /* Sources */ = {
			isa = PBXSourcesBuildPhase;
			buildActionMask = 2147483647;
			files = (
				621BF20C159FB1900028DD3E /* main.m in Sources */,
				621BF210159FB1900028DD3E /* AppDelegate.m in Sources */,
				621BF216159FB1900028DD3E /* ViewController.m in Sources */,
				621BF21E159FB1B70028DD3E /* Boxy.m in Sources */,
			);
			runOnlyForDeploymentPostprocessing = 0;
		};
/* End PBXSourcesBuildPhase section */

/* Begin PBXVariantGroup section */
		621BF208159FB1900028DD3E /* InfoPlist.strings */ = {
			isa = PBXVariantGroup;
			children = (
				621BF209159FB1900028DD3E /* en */,
			);
			name = InfoPlist.strings;
			sourceTree = "<group>";
		};
		621BF211159FB1900028DD3E /* MainStoryboard.storyboard */ = {
			isa = PBXVariantGroup;
			children = (
				621BF212159FB1900028DD3E /* en */,
			);
			name = MainStoryboard.storyboard;
			sourceTree = "<group>";
		};
/* End PBXVariantGroup section */

/* Begin XCBuildConfiguration section */
		621BF217159FB1900028DD3E /* Debug */ = {
			isa = XCBuildConfiguration;
			buildSettings = {
				ALWAYS_SEARCH_USER_PATHS = NO;
				ARCHS = "$(ARCHS_STANDARD_32_BIT)";
				CLANG_ENABLE_OBJC_ARC = YES;
				"CODE_SIGN_IDENTITY[sdk=iphoneos*]" = "iPhone Developer";
				COPY_PHASE_STRIP = NO;
				GCC_C_LANGUAGE_STANDARD = gnu99;
				GCC_DYNAMIC_NO_PIC = NO;
				GCC_OPTIMIZATION_LEVEL = 0;
				GCC_PREPROCESSOR_DEFINITIONS = (
					"DEBUG=1",
					"$(inherited)",
				);
				GCC_SYMBOLS_PRIVATE_EXTERN = NO;
				GCC_VERSION = com.apple.compilers.llvm.clang.1_0;
				GCC_WARN_ABOUT_RETURN_TYPE = YES;
				GCC_WARN_UNINITIALIZED_AUTOS = YES;
				GCC_WARN_UNUSED_VARIABLE = YES;
				IPHONEOS_DEPLOYMENT_TARGET = 5.1;
				SDKROOT = iphoneos;
			};
			name = Debug;
		};
		621BF218159FB1900028DD3E /* Release */ = {
			isa = XCBuildConfiguration;
			buildSettings = {
				ALWAYS_SEARCH_USER_PATHS = NO;
				ARCHS = "$(ARCHS_STANDARD_32_BIT)";
				CLANG_ENABLE_OBJC_ARC = YES;
				"CODE_SIGN_IDENTITY[sdk=iphoneos*]" = "iPhone Developer";
				COPY_PHASE_STRIP = YES;
				GCC_C_LANGUAGE_STANDARD = gnu99;
				GCC_VERSION = com.apple.compilers.llvm.clang.1_0;
				GCC_WARN_ABOUT_RETURN_TYPE = YES;
				GCC_WARN_UNINITIALIZED_AUTOS = YES;
				GCC_WARN_UNUSED_VARIABLE = YES;
				IPHONEOS_DEPLOYMENT_TARGET = 5.1;
				OTHER_CFLAGS = "-DNS_BLOCK_ASSERTIONS=1";
				SDKROOT = iphoneos;
				VALIDATE_PRODUCT = YES;
			};
			name = Release;
		};
		621BF21A159FB1900028DD3E /* Debug */ = {
			isa = XCBuildConfiguration;
			buildSettings = {
				GCC_PRECOMPILE_PREFIX_HEADER = YES;
				GCC_PREFIX_HEADER = "ChangeNSTimerFireRate/ChangeNSTimerFireRate-Prefix.pch";
				INFOPLIST_FILE = "ChangeNSTimerFireRate/ChangeNSTimerFireRate-Info.plist";
				PRODUCT_NAME = "$(TARGET_NAME)";
				WRAPPER_EXTENSION = app;
			};
			name = Debug;
		};
		621BF21B159FB1900028DD3E /* Release */ = {
			isa = XCBuildConfiguration;
			buildSettings = {
				GCC_PRECOMPILE_PREFIX_HEADER = YES;
				GCC_PREFIX_HEADER = "ChangeNSTimerFireRate/ChangeNSTimerFireRate-Prefix.pch";
				INFOPLIST_FILE = "ChangeNSTimerFireRate/ChangeNSTimerFireRate-Info.plist";
				PRODUCT_NAME = "$(TARGET_NAME)";
				WRAPPER_EXTENSION = app;
			};
			name = Release;
		};
/* End XCBuildConfiguration section */

/* Begin XCConfigurationList section */
		621BF1F5159FB1900028DD3E /* Build configuration list for PBXProject "ChangeNSTimerFireRate" */ = {
			isa = XCConfigurationList;
			buildConfigurations = (
				621BF217159FB1900028DD3E /* Debug */,
				621BF218159FB1900028DD3E /* Release */,
			);
			defaultConfigurationIsVisible = 0;
			defaultConfigurationName = Release;
		};
		621BF219159FB1900028DD3E /* Build configuration list for PBXNativeTarget "ChangeNSTimerFireRate" */ = {
			isa = XCConfigurationList;
			buildConfigurations = (
				621BF21A159FB1900028DD3E /* Debug */,
				621BF21B159FB1900028DD3E /* Release */,
			);
			defaultConfigurationIsVisible = 0;
			defaultConfigurationName = Release;
		};
/* End XCConfigurationList section */
	};
	rootObject = 621BF1F2159FB1900028DD3E /* Project object */;
}
